
Microsoft Visual Studio Solution File, Format Version 12.00
# Visual Studio Version 16
VisualStudioVersion = 16.0.31410.357
MinimumVisualStudioVersion = 10.0.40219.1
Project("{9A19103F-16F7-4668-BE54-9A1E7A4F7556}") = "ConsoleApp1Class", "ConsoleApp1Class\ConsoleApp1Class.csproj", "{3E808B82-8EB4-4AEC-85C5-B409F7B6E6A9}"
EndProject
Project("{FAE04EC0-301F-11D3-BF4B-00C04F79EFBC}") = "Binary", "Binary\Binary.csproj", "{F34BD7DE-7FA8-4950-96B5-13B7B8C5A388}"
EndProject
Global
	GlobalSection(SolutionConfigurationPlatforms) = preSolution
		Debug|Any CPU = Debug|Any CPU
		Release|Any CPU = Release|Any CPU
	EndGlobalSection
	GlobalSection(ProjectConfigurationPlatforms) = postSolution
		{3E808B82-8EB4-4AEC-85C5-B409F7B6E6A9}.Debug|Any CPU.ActiveCfg = Debug|Any CPU
		{3E808B82-8EB4-4AEC-85C5-B409F7B6E6A9}.Debug|Any CPU.Build.0 = Debug|Any CPU
		{3E808B82-8EB4-4AEC-85C5-B409F7B6E6A9}.Release|Any CPU.ActiveCfg = Release|Any CPU
		{3E808B82-8EB4-4AEC-85C5-B409F7B6E6A9}.Release|Any CPU.Build.0 = Release|Any CPU
		{F34BD7DE-7FA8-4950-96B5-13B7B8C5A388}.Debug|Any CPU.ActiveCfg = Debug|Any CPU
		{F34BD7DE-7FA8-4950-96B5-13B7B8C5A388}.Debug|Any CPU.Build.0 = Debug|Any CPU
		{F34BD7DE-7FA8-4950-96B5-13B7B8C5A388}.Release|Any CPU.ActiveCfg = Release|Any CPU
		{F34BD7DE-7FA8-4950-96B5-13B7B8C5A388}.Release|Any CPU.Build.0 = Release|Any CPU
	EndGlobalSection
	GlobalSection(SolutionProperties) = preSolution
		HideSolutionNode = FALSE
	EndGlobalSection
	GlobalSection(ExtensibilityGlobals) = postSolution
		SolutionGuid = {0555B3B0-2782-4F47-AAB9-8FDC950F00D1}
	EndGlobalSection
EndGlobal
